{
    "_readme": [
        "This file locks the dependencies of your project to a known state",
        "Read more about it at https://getcomposer.org/doc/01-basic-usage.md#installing-dependencies",
        "This file is @generated automatically"
    ],
    "content-hash": "a53d8e937331ebbe1e9a66d7797ab8aa",
    "packages": [
        {
            "name": "mix/cli",
            "version": "v3.0.3",
            "source": {
                "type": "git",
                "url": "https://github.com/mix-php/cli.git",
                "reference": "a0fc8a091ffee42a6ae6f32fb593712e658088a3"
            },
            "dist": {
                "type": "zip",
                "url": "https://api.github.com/repos/mix-php/cli/zipball/a0fc8a091ffee42a6ae6f32fb593712e658088a3",
                "reference": "a0fc8a091ffee42a6ae6f32fb593712e658088a3",
                "shasum": ""
            },
            "require": {
                "php": ">=7.0.0"
            },
            "require-dev": {
                "phpunit/phpunit": "^7.0.0"
            },
            "type": "library",
            "autoload": {
                "files": [
                    "src/functions.php"
                ],
                "psr-4": {
                    "Mix\\Cli\\": "src/"
                }
            },
            "notification-url": "https://packagist.org/downloads/",
            "license": [
                "Apache-2.0"
            ],
            "authors": [
                {
                    "name": "liu,jian",
                    "email": "coder.keda@gmail.com"
                }
            ],
            "description": "PHP CLI Interactive Commander",
            "homepage": "https://openmix.org/mix-php",
            "keywords": [
                "cli",
                "commander",
                "mix"
            ],
            "support": {
                "issues": "https://github.com/mix-php/cli/issues",
                "source": "https://github.com/mix-php/cli/tree/v3.0.3"
            },
            "time": "2021-08-07T01:50:36+00:00"
        }
    ],
    "packages-dev": [],
    "aliases": [],
    "minimum-stability": "stable",
    "stability-flags": [],
    "prefer-stable": false,
    "prefer-lowest": false,
    "platform": {
        "php": ">=8.0"
    },
    "platform-dev": [],
    "plugin-api-version": "2.3.0"
}
